
Microsoft Visual Studio Solution File, Format Version 12.00
# Visual Studio Version 17
VisualStudioVersion = 17.9.34723.18
MinimumVisualStudioVersion = 10.0.40219.1
Project("{9A19103F-16F7-4668-BE54-9A1E7A4F7556}") = "BethanysPieShopHRM", "BethanysPieShopHRM\BethanysPieShopHRM.csproj", "{C649EC5F-2372-422E-97C2-AB2914B32B06}"
EndProject
Project("{9A19103F-16F7-4668-BE54-9A1E7A4F7556}") = "BethanysPieShopHRM.Shared", "BethanysPieShopHRM.Shared\BethanysPieShopHRM.Shared.csproj", "{AA0F58E9-5F5C-4FA0-8800-3D3AEBB7243E}"
EndProject
Global
	GlobalSection(SolutionConfigurationPlatforms) = preSolution
		Debug|Any CPU = Debug|Any CPU
		Release|Any CPU = Release|Any CPU
	EndGlobalSection
	GlobalSection(ProjectConfigurationPlatforms) = postSolution
		{C649EC5F-2372-422E-97C2-AB2914B32B06}.Debug|Any CPU.ActiveCfg = Debug|Any CPU
		{C649EC5F-2372-422E-97C2-AB2914B32B06}.Debug|Any CPU.Build.0 = Debug|Any CPU
		{C649EC5F-2372-422E-97C2-AB2914B32B06}.Release|Any CPU.ActiveCfg = Release|Any CPU
		{C649EC5F-2372-422E-97C2-AB2914B32B06}.Release|Any CPU.Build.0 = Release|Any CPU
		{AA0F58E9-5F5C-4FA0-8800-3D3AEBB7243E}.Debug|Any CPU.ActiveCfg = Debug|Any CPU
		{AA0F58E9-5F5C-4FA0-8800-3D3AEBB7243E}.Debug|Any CPU.Build.0 = Debug|Any CPU
		{AA0F58E9-5F5C-4FA0-8800-3D3AEBB7243E}.Release|Any CPU.ActiveCfg = Release|Any CPU
		{AA0F58E9-5F5C-4FA0-8800-3D3AEBB7243E}.Release|Any CPU.Build.0 = Release|Any CPU
	EndGlobalSection
	GlobalSection(SolutionProperties) = preSolution
		HideSolutionNode = FALSE
	EndGlobalSection
	GlobalSection(ExtensibilityGlobals) = postSolution
		SolutionGuid = {524B70BB-C00F-41BF-AEB1-B056F3EC5552}
	EndGlobalSection
EndGlobal
